
Microsoft Visual Studio Solution File, Format Version 12.00
# Visual Studio Version 17
VisualStudioVersion = 17.5.33414.496
MinimumVisualStudioVersion = 10.0.40219.1
Project("{8BC9CEB8-8B4A-11D0-8D11-00A0C91BC942}") = "LB1", "LB1.vcxproj", "{0B0612FB-B417-4C61-B1D6-C5C0097A72C4}"
EndProject
Global
	GlobalSection(SolutionConfigurationPlatforms) = preSolution
		Debug|x64 = Debug|x64
		Debug|x86 = Debug|x86
		Release|x64 = Release|x64
		Release|x86 = Release|x86
	EndGlobalSection
	GlobalSection(ProjectConfigurationPlatforms) = postSolution
		{0B0612FB-B417-4C61-B1D6-C5C0097A72C4}.Debug|x64.ActiveCfg = Debug|x64
		{0B0612FB-B417-4C61-B1D6-C5C0097A72C4}.Debug|x64.Build.0 = Debug|x64
		{0B0612FB-B417-4C61-B1D6-C5C0097A72C4}.Debug|x86.ActiveCfg = Debug|Win32
		{0B0612FB-B417-4C61-B1D6-C5C0097A72C4}.Debug|x86.Build.0 = Debug|Win32
		{0B0612FB-B417-4C61-B1D6-C5C0097A72C4}.Release|x64.ActiveCfg = Release|x64
		{0B0612FB-B417-4C61-B1D6-C5C0097A72C4}.Release|x64.Build.0 = Release|x64
		{0B0612FB-B417-4C61-B1D6-C5C0097A72C4}.Release|x86.ActiveCfg = Release|Win32
		{0B0612FB-B417-4C61-B1D6-C5C0097A72C4}.Release|x86.Build.0 = Release|Win32
	EndGlobalSection
	GlobalSection(SolutionProperties) = preSolution
		HideSolutionNode = FALSE
	EndGlobalSection
	GlobalSection(ExtensibilityGlobals) = postSolution
		SolutionGuid = {62E21932-7AB9-43A0-AC77-4DE5F34441F0}
	EndGlobalSection
EndGlobal
